// !$*UTF8*$!
{
	archiveVersion = 1;
	classes = {
	};
	objectVersion = 56;
	objects = {

/* Begin PBXBuildFile section */
		109508032A12DBCC0031602A /* assigSwiftUIApp.swift in Sources */ = {isa = PBXBuildFile; fileRef = 109508022A12DBCC0031602A /* assigSwiftUIApp.swift */; };
		109508052A12DBCC0031602A /* ContentView.swift in Sources */ = {isa = PBXBuildFile; fileRef = 109508042A12DBCC0031602A /* ContentView.swift */; };
		109508072A12DBCE0031602A /* Assets.xcassets in Resources */ = {isa = PBXBuildFile; fileRef = 109508062A12DBCE0031602A /* Assets.xcassets */; };
		1095080A2A12DBCE0031602A /* Preview Assets.xcassets in Resources */ = {isa = PBXBuildFile; fileRef = 109508092A12DBCE0031602A /* Preview Assets.xcassets */; };
		109508182A12E97D0031602A /* IntentsUI.framework in Frameworks */ = {isa = PBXBuildFile; fileRef = 109508172A12E97D0031602A /* IntentsUI.framework */; };
		1095081B2A12E97E0031602A /* IntentViewController.swift in Sources */ = {isa = PBXBuildFile; fileRef = 1095081A2A12E97E0031602A /* IntentViewController.swift */; };
		1095081E2A12E97E0031602A /* MainInterface.storyboard in Resources */ = {isa = PBXBuildFile; fileRef = 1095081C2A12E97E0031602A /* MainInterface.storyboard */; };
		109508222A12E97E0031602A /* ss.appex in Embed Foundation Extensions */ = {isa = PBXBuildFile; fileRef = 109508152A12E97D0031602A /* ss.appex */; settings = {ATTRIBUTES = (RemoveHeadersOnCopy, ); }; };
		109508282A12E9B60031602A /* Intents.intentdefinition in Sources */ = {isa = PBXBuildFile; fileRef = 109508272A12E9B60031602A /* Intents.intentdefinition */; };
/* End PBXBuildFile section */

/* Begin PBXContainerItemProxy section */
		109508202A12E97E0031602A /* PBXContainerItemProxy */ = {
			isa = PBXContainerItemProxy;
			containerPortal = 109507F72A12DBCC0031602A /* Project object */;
			proxyType = 1;
			remoteGlobalIDString = 109508142A12E97D0031602A;
			remoteInfo = ss;
		};
/* End PBXContainerItemProxy section */

/* Begin PBXCopyFilesBuildPhase section */
		109508262A12E97E0031602A /* Embed Foundation Extensions */ = {
			isa = PBXCopyFilesBuildPhase;
			buildActionMask = 2147483647;
			dstPath = "";
			dstSubfolderSpec = 13;
			files = (
				109508222A12E97E0031602A /* ss.appex in Embed Foundation Extensions */,
			);
			name = "Embed Foundation Extensions";
			runOnlyForDeploymentPostprocessing = 0;
		};
/* End PBXCopyFilesBuildPhase section */

/* Begin PBXFileReference section */
		109507FF2A12DBCC0031602A /* assigSwiftUI.app */ = {isa = PBXFileReference; explicitFileType = wrapper.application; includeInIndex = 0; path = assigSwiftUI.app; sourceTree = BUILT_PRODUCTS_DIR; };
		109508022A12DBCC0031602A /* assigSwiftUIApp.swift */ = {isa = PBXFileReference; lastKnownFileType = sourcecode.swift; path = assigSwiftUIApp.swift; sourceTree = "<group>"; };
		109508042A12DBCC0031602A /* ContentView.swift */ = {isa = PBXFileReference; lastKnownFileType = sourcecode.swift; path = ContentView.swift; sourceTree = "<group>"; };
		109508062A12DBCE0031602A /* Assets.xcassets */ = {isa = PBXFileReference; lastKnownFileType = folder.assetcatalog; path = Assets.xcassets; sourceTree = "<group>"; };
		109508092A12DBCE0031602A /* Preview Assets.xcassets */ = {isa = PBXFileReference; lastKnownFileType = folder.assetcatalog; path = "Preview Assets.xcassets"; sourceTree = "<group>"; };
		109508102A12E9310031602A /* assigSwiftUI.entitlements */ = {isa = PBXFileReference; lastKnownFileType = text.plist.entitlements; path = assigSwiftUI.entitlements; sourceTree = "<group>"; };
		109508152A12E97D0031602A /* ss.appex */ = {isa = PBXFileReference; explicitFileType = "wrapper.app-extension"; includeInIndex = 0; path = ss.appex; sourceTree = BUILT_PRODUCTS_DIR; };
		109508172A12E97D0031602A /* IntentsUI.framework */ = {isa = PBXFileReference; lastKnownFileType = wrapper.framework; name = IntentsUI.framework; path = System/Library/Frameworks/IntentsUI.framework; sourceTree = SDKROOT; };
		1095081A2A12E97E0031602A /* IntentViewController.swift */ = {isa = PBXFileReference; lastKnownFileType = sourcecode.swift; path = IntentViewController.swift; sourceTree = "<group>"; };
		1095081D2A12E97E0031602A /* Base */ = {isa = PBXFileReference; lastKnownFileType = file.storyboard; name = Base; path = Base.lproj/MainInterface.storyboard; sourceTree = "<group>"; };
		1095081F2A12E97E0031602A /* Info.plist */ = {isa = PBXFileReference; lastKnownFileType = text.plist.xml; path = Info.plist; sourceTree = "<group>"; };
		109508272A12E9B60031602A /* Intents.intentdefinition */ = {isa = PBXFileReference; lastKnownFileType = file.intentdefinition; path = Intents.intentdefinition; sourceTree = "<group>"; };
		109508292A12E9CD0031602A /* Info.plist */ = {isa = PBXFileReference; lastKnownFileType = text.plist; path = Info.plist; sourceTree = "<group>"; };
/* End PBXFileReference section */

/* Begin PBXFrameworksBuildPhase section */
		109507FC2A12DBCC0031602A /* Frameworks */ = {
			isa = PBXFrameworksBuildPhase;
			buildActionMask = 2147483647;
			files = (
			);
			runOnlyForDeploymentPostprocessing = 0;
		};
		109508122A12E97D0031602A /* Frameworks */ = {
			isa = PBXFrameworksBuildPhase;
			buildActionMask = 2147483647;
			files = (
				109508182A12E97D0031602A /* IntentsUI.framework in Frameworks */,
			);
			runOnlyForDeploymentPostprocessing = 0;
		};
/* End PBXFrameworksBuildPhase section */

/* Begin PBXGroup section */
		109507F62A12DBCC0031602A = {
			isa = PBXGroup;
			children = (
				109508272A12E9B60031602A /* Intents.intentdefinition */,
				109508012A12DBCC0031602A /* assigSwiftUI */,
				109508192A12E97E0031602A /* ss */,
				109508162A12E97D0031602A /* Frameworks */,
				109508002A12DBCC0031602A /* Products */,
			);
			sourceTree = "<group>";
		};
		109508002A12DBCC0031602A /* Products */ = {
			isa = PBXGroup;
			children = (
				109507FF2A12DBCC0031602A /* assigSwiftUI.app */,
				109508152A12E97D0031602A /* ss.appex */,
			);
			name = Products;
			sourceTree = "<group>";
		};
		109508012A12DBCC0031602A /* assigSwiftUI */ = {
			isa = PBXGroup;
			children = (
				109508292A12E9CD0031602A /* Info.plist */,
				109508102A12E9310031602A /* assigSwiftUI.entitlements */,
				109508022A12DBCC0031602A /* assigSwiftUIApp.swift */,
				109508042A12DBCC0031602A /* ContentView.swift */,
				109508062A12DBCE0031602A /* Assets.xcassets */,
				109508082A12DBCE0031602A /* Preview Content */,
			);
			path = assigSwiftUI;
			sourceTree = "<group>";
		};
		109508082A12DBCE0031602A /* Preview Content */ = {
			isa = PBXGroup;
			children = (
				109508092A12DBCE0031602A /* Preview Assets.xcassets */,
			);
			path = "Preview Content";
			sourceTree = "<group>";
		};
		109508162A12E97D0031602A /* Frameworks */ = {
			isa = PBXGroup;
			children = (
				109508172A12E97D0031602A /* IntentsUI.framework */,
			);
			name = Frameworks;
			sourceTree = "<group>";
		};
		109508192A12E97E0031602A /* ss */ = {
			isa = PBXGroup;
			children = (
				1095081A2A12E97E0031602A /* IntentViewController.swift */,
				1095081C2A12E97E0031602A /* MainInterface.storyboard */,
				1095081F2A12E97E0031602A /* Info.plist */,
			);
			path = ss;
			sourceTree = "<group>";
		};
/* End PBXGroup section */

/* Begin PBXNativeTarget section */
		109507FE2A12DBCC0031602A /* assigSwiftUI */ = {
			isa = PBXNativeTarget;
			buildConfigurationList = 1095080D2A12DBCE0031602A /* Build configuration list for PBXNativeTarget "assigSwiftUI" */;
			buildPhases = (
				109507FB2A12DBCC0031602A /* Sources */,
				109507FC2A12DBCC0031602A /* Frameworks */,
				109507FD2A12DBCC0031602A /* Resources */,
				109508262A12E97E0031602A /* Embed Foundation Extensions */,
			);
			buildRules = (
			);
			dependencies = (
				109508212A12E97E0031602A /* PBXTargetDependency */,
			);
			name = assigSwiftUI;
			productName = assigSwiftUI;
			productReference = 109507FF2A12DBCC0031602A /* assigSwiftUI.app */;
			productType = "com.apple.product-type.application";
		};
		109508142A12E97D0031602A /* ss */ = {
			isa = PBXNativeTarget;
			buildConfigurationList = 109508232A12E97E0031602A /* Build configuration list for PBXNativeTarget "ss" */;
			buildPhases = (
				109508112A12E97D0031602A /* Sources */,
				109508122A12E97D0031602A /* Frameworks */,
				109508132A12E97D0031602A /* Resources */,
			);
			buildRules = (
			);
			dependencies = (
			);
			name = ss;
			productName = ss;
			productReference = 109508152A12E97D0031602A /* ss.appex */;
			productType = "com.apple.product-type.app-extension";
		};
/* End PBXNativeTarget section */

/* Begin PBXProject section */
		109507F72A12DBCC0031602A /* Project object */ = {
			isa = PBXProject;
			attributes = {
				BuildIndependentTargetsInParallel = 1;
				LastSwiftUpdateCheck = 1430;
				LastUpgradeCheck = 1430;
				TargetAttributes = {
					109507FE2A12DBCC0031602A = {
						CreatedOnToolsVersion = 14.3;
					};
					109508142A12E97D0031602A = {
						CreatedOnToolsVersion = 14.3;
					};
				};
			};
			buildConfigurationList = 109507FA2A12DBCC0031602A /* Build configuration list for PBXProject "assigSwiftUI" */;
			compatibilityVersion = "Xcode 14.0";
			developmentRegion = en;
			hasScannedForEncodings = 0;
			knownRegions = (
				en,
				Base,
			);
			mainGroup = 109507F62A12DBCC0031602A;
			productRefGroup = 109508002A12DBCC0031602A /* Products */;
			projectDirPath = "";
			projectRoot = "";
			targets = (
				109507FE2A12DBCC0031602A /* assigSwiftUI */,
				109508142A12E97D0031602A /* ss */,
			);
		};
/* End PBXProject section */

/* Begin PBXResourcesBuildPhase section */
		109507FD2A12DBCC0031602A /* Resources */ = {
			isa = PBXResourcesBuildPhase;
			buildActionMask = 2147483647;
			files = (
				1095080A2A12DBCE0031602A /* Preview Assets.xcassets in Resources */,
				109508072A12DBCE0031602A /* Assets.xcassets in Resources */,
			);
			runOnlyForDeploymentPostprocessing = 0;
		};
		109508132A12E97D0031602A /* Resources */ = {
			isa = PBXResourcesBuildPhase;
			buildActionMask = 2147483647;
			files = (
				1095081E2A12E97E0031602A /* MainInterface.storyboard in Resources */,
			);
			runOnlyForDeploymentPostprocessing = 0;
		};
/* End PBXResourcesBuildPhase section */

/* Begin PBXSourcesBuildPhase section */
		109507FB2A12DBCC0031602A /* Sources */ = {
			isa = PBXSourcesBuildPhase;
			buildActionMask = 2147483647;
			files = (
				109508282A12E9B60031602A /* Intents.intentdefinition in Sources */,
				109508052A12DBCC0031602A /* ContentView.swift in Sources */,
				109508032A12DBCC0031602A /* assigSwiftUIApp.swift in Sources */,
			);
			runOnlyForDeploymentPostprocessing = 0;
		};
		109508112A12E97D0031602A /* Sources */ = {
			isa = PBXSourcesBuildPhase;
			buildActionMask = 2147483647;
			files = (
				1095081B2A12E97E0031602A /* IntentViewController.swift in Sources */,
			);
			runOnlyForDeploymentPostprocessing = 0;
		};
/* End PBXSourcesBuildPhase section */

/* Begin PBXTargetDependency section */
		109508212A12E97E0031602A /* PBXTargetDependency */ = {
			isa = PBXTargetDependency;
			target = 109508142A12E97D0031602A /* ss */;
			targetProxy = 109508202A12E97E0031602A /* PBXContainerItemProxy */;
		};
/* End PBXTargetDependency section */

/* Begin PBXVariantGroup section */
		1095081C2A12E97E0031602A /* MainInterface.storyboard */ = {
			isa = PBXVariantGroup;
			children = (
				1095081D2A12E97E0031602A /* Base */,
			);
			name = MainInterface.storyboard;
			sourceTree = "<group>";
		};
/* End PBXVariantGroup section */

/* Begin XCBuildConfiguration section */
		1095080B2A12DBCE0031602A /* Debug */ = {
			isa = XCBuildConfiguration;
			buildSettings = {
				ALWAYS_SEARCH_USER_PATHS = NO;
				CLANG_ANALYZER_NONNULL = YES;
				CLANG_ANALYZER_NUMBER_OBJECT_CONVERSION = YES_AGGRESSIVE;
				CLANG_CXX_LANGUAGE_STANDARD = "gnu++20";
				CLANG_ENABLE_MODULES = YES;
				CLANG_ENABLE_OBJC_ARC = YES;
				CLANG_ENABLE_OBJC_WEAK = YES;
				CLANG_WARN_BLOCK_CAPTURE_AUTORELEASING = YES;
				CLANG_WARN_BOOL_CONVERSION = YES;
				CLANG_WARN_COMMA = YES;
				CLANG_WARN_CONSTANT_CONVERSION = YES;
				CLANG_WARN_DEPRECATED_OBJC_IMPLEMENTATIONS = YES;
				CLANG_WARN_DIRECT_OBJC_ISA_USAGE = YES_ERROR;
				CLANG_WARN_DOCUMENTATION_COMMENTS = YES;
				CLANG_WARN_EMPTY_BODY = YES;
				CLANG_WARN_ENUM_CONVERSION = YES;
				CLANG_WARN_INFINITE_RECURSION = YES;
				CLANG_WARN_INT_CONVERSION = YES;
				CLANG_WARN_NON_LITERAL_NULL_CONVERSION = YES;
				CLANG_WARN_OBJC_IMPLICIT_RETAIN_SELF = YES;
				CLANG_WARN_OBJC_LITERAL_CONVERSION = YES;
				CLANG_WARN_OBJC_ROOT_CLASS = YES_ERROR;
				CLANG_WARN_QUOTED_INCLUDE_IN_FRAMEWORK_HEADER = YES;
				CLANG_WARN_RANGE_LOOP_ANALYSIS = YES;
				CLANG_WARN_STRICT_PROTOTYPES = YES;
				CLANG_WARN_SUSPICIOUS_MOVE = YES;
				CLANG_WARN_UNGUARDED_AVAILABILITY = YES_AGGRESSIVE;
				CLANG_WARN_UNREACHABLE_CODE = YES;
				CLANG_WARN__DUPLICATE_METHOD_MATCH = YES;
				COPY_PHASE_STRIP = NO;
				DEBUG_INFORMATION_FORMAT = dwarf;
				ENABLE_STRICT_OBJC_MSGSEND = YES;
				ENABLE_TESTABILITY = YES;
				GCC_C_LANGUAGE_STANDARD = gnu11;
				GCC_DYNAMIC_NO_PIC = NO;
				GCC_NO_COMMON_BLOCKS = YES;
				GCC_OPTIMIZATION_LEVEL = 0;
				GCC_PREPROCESSOR_DEFINITIONS = (
					"DEBUG=1",
					"$(inherited)",
				);
				GCC_WARN_64_TO_32_BIT_CONVERSION = YES;
				GCC_WARN_ABOUT_RETURN_TYPE = YES_ERROR;
				GCC_WARN_UNDECLARED_SELECTOR = YES;
				GCC_WARN_UNINITIALIZED_AUTOS = YES_AGGRESSIVE;
				GCC_WARN_UNUSED_FUNCTION = YES;
				GCC_WARN_UNUSED_VARIABLE = YES;
				IPHONEOS_DEPLOYMENT_TARGET = 16.4;
				MTL_ENABLE_DEBUG_INFO = INCLUDE_SOURCE;
				MTL_FAST_MATH = YES;
				ONLY_ACTIVE_ARCH = YES;
				SDKROOT = iphoneos;
				SWIFT_ACTIVE_COMPILATION_CONDITIONS = DEBUG;
				SWIFT_OPTIMIZATION_LEVEL = "-Onone";
			};
			name = Debug;
		};
		1095080C2A12DBCE0031602A /* Release */ = {
			isa = XCBuildConfiguration;
			buildSettings = {
				ALWAYS_SEARCH_USER_PATHS = NO;
				CLANG_ANALYZER_NONNULL = YES;
				CLANG_ANALYZER_NUMBER_OBJECT_CONVERSION = YES_AGGRESSIVE;
				CLANG_CXX_LANGUAGE_STANDARD = "gnu++20";
				CLANG_ENABLE_MODULES = YES;
				CLANG_ENABLE_OBJC_ARC = YES;
				CLANG_ENABLE_OBJC_WEAK = YES;
				CLANG_WARN_BLOCK_CAPTURE_AUTORELEASING = YES;
				CLANG_WARN_BOOL_CONVERSION = YES;
				CLANG_WARN_COMMA = YES;
				CLANG_WARN_CONSTANT_CONVERSION = YES;
				CLANG_WARN_DEPRECATED_OBJC_IMPLEMENTATIONS = YES;
				CLANG_WARN_DIRECT_OBJC_ISA_USAGE = YES_ERROR;
				CLANG_WARN_DOCUMENTATION_COMMENTS = YES;
				CLANG_WARN_EMPTY_BODY = YES;
				CLANG_WARN_ENUM_CONVERSION = YES;
				CLANG_WARN_INFINITE_RECURSION = YES;
				CLANG_WARN_INT_CONVERSION = YES;
				CLANG_WARN_NON_LITERAL_NULL_CONVERSION = YES;
				CLANG_WARN_OBJC_IMPLICIT_RETAIN_SELF = YES;
				CLANG_WARN_OBJC_LITERAL_CONVERSION = YES;
				CLANG_WARN_OBJC_ROOT_CLASS = YES_ERROR;
				CLANG_WARN_QUOTED_INCLUDE_IN_FRAMEWORK_HEADER = YES;
				CLANG_WARN_RANGE_LOOP_ANALYSIS = YES;
				CLANG_WARN_STRICT_PROTOTYPES = YES;
				CLANG_WARN_SUSPICIOUS_MOVE = YES;
				CLANG_WARN_UNGUARDED_AVAILABILITY = YES_AGGRESSIVE;
				CLANG_WARN_UNREACHABLE_CODE = YES;
				CLANG_WARN__DUPLICATE_METHOD_MATCH = YES;
				COPY_PHASE_STRIP = NO;
				DEBUG_INFORMATION_FORMAT = "dwarf-with-dsym";
				ENABLE_NS_ASSERTIONS = NO;
				ENABLE_STRICT_OBJC_MSGSEND = YES;
				GCC_C_LANGUAGE_STANDARD = gnu11;
				GCC_NO_COMMON_BLOCKS = YES;
				GCC_WARN_64_TO_32_BIT_CONVERSION = YES;
				GCC_WARN_ABOUT_RETURN_TYPE = YES_ERROR;
				GCC_WARN_UNDECLARED_SELECTOR = YES;
				GCC_WARN_UNINITIALIZED_AUTOS = YES_AGGRESSIVE;
				GCC_WARN_UNUSED_FUNCTION = YES;
				GCC_WARN_UNUSED_VARIABLE = YES;
				IPHONEOS_DEPLOYMENT_TARGET = 16.4;
				MTL_ENABLE_DEBUG_INFO = NO;
				MTL_FAST_MATH = YES;
				SDKROOT = iphoneos;
				SWIFT_COMPILATION_MODE = wholemodule;
				SWIFT_OPTIMIZATION_LEVEL = "-O";
				VALIDATE_PRODUCT = YES;
			};
			name = Release;
		};
		1095080E2A12DBCE0031602A /* Debug */ = {
			isa = XCBuildConfiguration;
			buildSettings = {
				ALWAYS_EMBED_SWIFT_STANDARD_LIBRARIES = YES;
				ASSETCATALOG_COMPILER_APPICON_NAME = AppIcon;
				ASSETCATALOG_COMPILER_GLOBAL_ACCENT_COLOR_NAME = AccentColor;
				CODE_SIGN_ENTITLEMENTS = assigSwiftUI/assigSwiftUI.entitlements;
				CODE_SIGN_STYLE = Automatic;
				CURRENT_PROJECT_VERSION = 1;
				DEVELOPMENT_ASSET_PATHS = "\"assigSwiftUI/Preview Content\"";
				ENABLE_PREVIEWS = YES;
				GENERATE_INFOPLIST_FILE = YES;
				INFOPLIST_FILE = assigSwiftUI/Info.plist;
				INFOPLIST_KEY_UIApplicationSceneManifest_Generation = YES;
				INFOPLIST_KEY_UIApplicationSupportsIndirectInputEvents = YES;
				INFOPLIST_KEY_UILaunchScreen_Generation = YES;
				INFOPLIST_KEY_UISupportedInterfaceOrientations_iPad = "UIInterfaceOrientationPortrait UIInterfaceOrientationPortraitUpsideDown UIInterfaceOrientationLandscapeLeft UIInterfaceOrientationLandscapeRight";
				INFOPLIST_KEY_UISupportedInterfaceOrientations_iPhone = "UIInterfaceOrientationPortrait UIInterfaceOrientationLandscapeLeft UIInterfaceOrientationLandscapeRight";
				LD_RUNPATH_SEARCH_PATHS = (
					"$(inherited)",
					"@executable_path/Frameworks",
				);
				MARKETING_VERSION = 1.0;
				PRODUCT_BUNDLE_IDENTIFIER = com.example.assigSwiftUI;
				PRODUCT_NAME = "$(TARGET_NAME)";
				SWIFT_EMIT_LOC_STRINGS = YES;
				SWIFT_VERSION = 5.0;
				TARGETED_DEVICE_FAMILY = "1,2";
			};
			name = Debug;
		};
		1095080F2A12DBCE0031602A /* Release */ = {
			isa = XCBuildConfiguration;
			buildSettings = {
				ALWAYS_EMBED_SWIFT_STANDARD_LIBRARIES = YES;
				ASSETCATALOG_COMPILER_APPICON_NAME = AppIcon;
				ASSETCATALOG_COMPILER_GLOBAL_ACCENT_COLOR_NAME = AccentColor;
				CODE_SIGN_ENTITLEMENTS = assigSwiftUI/assigSwiftUI.entitlements;
				CODE_SIGN_STYLE = Automatic;
				CURRENT_PROJECT_VERSION = 1;
				DEVELOPMENT_ASSET_PATHS = "\"assigSwiftUI/Preview Content\"";
				ENABLE_PREVIEWS = YES;
				GENERATE_INFOPLIST_FILE = YES;
				INFOPLIST_FILE = assigSwiftUI/Info.plist;
				INFOPLIST_KEY_UIApplicationSceneManifest_Generation = YES;
				INFOPLIST_KEY_UIApplicationSupportsIndirectInputEvents = YES;
				INFOPLIST_KEY_UILaunchScreen_Generation = YES;
				INFOPLIST_KEY_UISupportedInterfaceOrientations_iPad = "UIInterfaceOrientationPortrait UIInterfaceOrientationPortraitUpsideDown UIInterfaceOrientationLandscapeLeft UIInterfaceOrientationLandscapeRight";
				INFOPLIST_KEY_UISupportedInterfaceOrientations_iPhone = "UIInterfaceOrientationPortrait UIInterfaceOrientationLandscapeLeft UIInterfaceOrientationLandscapeRight";
				LD_RUNPATH_SEARCH_PATHS = (
					"$(inherited)",
					"@executable_path/Frameworks",
				);
				MARKETING_VERSION = 1.0;
				PRODUCT_BUNDLE_IDENTIFIER = com.example.assigSwiftUI;
				PRODUCT_NAME = "$(TARGET_NAME)";
				SWIFT_EMIT_LOC_STRINGS = YES;
				SWIFT_VERSION = 5.0;
				TARGETED_DEVICE_FAMILY = "1,2";
			};
			name = Release;
		};
		109508242A12E97E0031602A /* Debug */ = {
			isa = XCBuildConfiguration;
			buildSettings = {
				CODE_SIGN_STYLE = Automatic;
				CURRENT_PROJECT_VERSION = 1;
				GENERATE_INFOPLIST_FILE = YES;
				INFOPLIST_FILE = ss/Info.plist;
				INFOPLIST_KEY_CFBundleDisplayName = ss;
				INFOPLIST_KEY_NSHumanReadableCopyright = "";
				LD_RUNPATH_SEARCH_PATHS = (
					"$(inherited)",
					"@executable_path/Frameworks",
					"@executable_path/../../Frameworks",
				);
				MARKETING_VERSION = 1.0;
				PRODUCT_BUNDLE_IDENTIFIER = com.example.assigSwiftUI.ss;
				PRODUCT_NAME = "$(TARGET_NAME)";
				SKIP_INSTALL = YES;
				SWIFT_EMIT_LOC_STRINGS = YES;
				SWIFT_VERSION = 5.0;
				TARGETED_DEVICE_FAMILY = "1,2";
			};
			name = Debug;
		};
		109508252A12E97E0031602A /* Release */ = {
			isa = XCBuildConfiguration;
			buildSettings = {
				CODE_SIGN_STYLE = Automatic;
				CURRENT_PROJECT_VERSION = 1;
				GENERATE_INFOPLIST_FILE = YES;
				INFOPLIST_FILE = ss/Info.plist;
				INFOPLIST_KEY_CFBundleDisplayName = ss;
				INFOPLIST_KEY_NSHumanReadableCopyright = "";
				LD_RUNPATH_SEARCH_PATHS = (
					"$(inherited)",
					"@executable_path/Frameworks",
					"@executable_path/../../Frameworks",
				);
				MARKETING_VERSION = 1.0;
				PRODUCT_BUNDLE_IDENTIFIER = com.example.assigSwiftUI.ss;
				PRODUCT_NAME = "$(TARGET_NAME)";
				SKIP_INSTALL = YES;
				SWIFT_EMIT_LOC_STRINGS = YES;
				SWIFT_VERSION = 5.0;
				TARGETED_DEVICE_FAMILY = "1,2";
			};
			name = Release;
		};
/* End XCBuildConfiguration section */

/* Begin XCConfigurationList section */
		109507FA2A12DBCC0031602A /* Build configuration list for PBXProject "assigSwiftUI" */ = {
			isa = XCConfigurationList;
			buildConfigurations = (
				1095080B2A12DBCE0031602A /* Debug */,
				1095080C2A12DBCE0031602A /* Release */,
			);
			defaultConfigurationIsVisible = 0;
			defaultConfigurationName = Release;
		};
		1095080D2A12DBCE0031602A /* Build configuration list for PBXNativeTarget "assigSwiftUI" */ = {
			isa = XCConfigurationList;
			buildConfigurations = (
				1095080E2A12DBCE0031602A /* Debug */,
				1095080F2A12DBCE0031602A /* Release */,
			);
			defaultConfigurationIsVisible = 0;
			defaultConfigurationName = Release;
		};
		109508232A12E97E0031602A /* Build configuration list for PBXNativeTarget "ss" */ = {
			isa = XCConfigurationList;
			buildConfigurations = (
				109508242A12E97E0031602A /* Debug */,
				109508252A12E97E0031602A /* Release */,
			);
			defaultConfigurationIsVisible = 0;
			defaultConfigurationName = Release;
		};
/* End XCConfigurationList section */
	};
	rootObject = 109507F72A12DBCC0031602A /* Project object */;
}
